
Microsoft Visual Studio Solution File, Format Version 12.00
# Visual Studio 15
VisualStudioVersion = 15.0.28307.852
MinimumVisualStudioVersion = 10.0.40219.1
Project("{FAE04EC0-301F-11D3-BF4B-00C04F79EFBC}") = "ExtensionMethods", "ExtensionMethods\ExtensionMethods.csproj", "{7F4292B5-00EE-452A-AF26-2F9E0CFCA9FF}"
EndProject
Global
	GlobalSection(SolutionConfigurationPlatforms) = preSolution
		Debug|Any CPU = Debug|Any CPU
		Release|Any CPU = Release|Any CPU
	EndGlobalSection
	GlobalSection(ProjectConfigurationPlatforms) = postSolution
		{7F4292B5-00EE-452A-AF26-2F9E0CFCA9FF}.Debug|Any CPU.ActiveCfg = Debug|Any CPU
		{7F4292B5-00EE-452A-AF26-2F9E0CFCA9FF}.Debug|Any CPU.Build.0 = Debug|Any CPU
		{7F4292B5-00EE-452A-AF26-2F9E0CFCA9FF}.Release|Any CPU.ActiveCfg = Release|Any CPU
		{7F4292B5-00EE-452A-AF26-2F9E0CFCA9FF}.Release|Any CPU.Build.0 = Release|Any CPU
	EndGlobalSection
	GlobalSection(SolutionProperties) = preSolution
		HideSolutionNode = FALSE
	EndGlobalSection
	GlobalSection(ExtensibilityGlobals) = postSolution
		SolutionGuid = {A7289474-B33C-42BE-8067-FD27A21ED283}
	EndGlobalSection
EndGlobal
